
Microsoft Visual Studio Solution File, Format Version 12.00
# Visual Studio Version 16
VisualStudioVersion = 16.0.29123.88
MinimumVisualStudioVersion = 10.0.40219.1
Project("{9A19103F-16F7-4668-BE54-9A1E7A4F7556}") = "XamarinMultiTenant", "XamarinMultiTenant\XamarinMultiTenant.csproj", "{E7D29F40-4BC8-4BD9-B78C-AF32CFA9159C}"
EndProject
Project("{FAE04EC0-301F-11D3-BF4B-00C04F79EFBC}") = "XamarinMultiTenant.Android", "XamarinMultiTenant.Android\XamarinMultiTenant.Android.csproj", "{73B36791-15EC-43A1-80A8-DBDBB31552F6}"
EndProject
Project("{FAE04EC0-301F-11D3-BF4B-00C04F79EFBC}") = "XamarinMultiTenant.iOS", "XamarinMultiTenant.iOS\XamarinMultiTenant.iOS.csproj", "{B7B5CCF1-53F3-44DF-886B-42DAD25F3C99}"
EndProject
Project("{FAE04EC0-301F-11D3-BF4B-00C04F79EFBC}") = "XamarinMultiTenant.Android.Core", "XamarinMultiTenant.Android.Core\XamarinMultiTenant.Android.Core.csproj", "{5318E089-F350-418C-9A63-E27A3017D625}"
EndProject
Project("{FAE04EC0-301F-11D3-BF4B-00C04F79EFBC}") = "XamarinMultiTenant.iOS.Core", "XamarinMultiTenant.iOS.Core\XamarinMultiTenant.iOS.Core.csproj", "{281C7618-D4FD-4AC3-ACC2-96C10A2355D1}"
EndProject
Project("{FAE04EC0-301F-11D3-BF4B-00C04F79EFBC}") = "XamarinMultiTenant.Android.TenantB", "XamarinMultiTenant.Android.TenantB\XamarinMultiTenant.Android.TenantB.csproj", "{09B94428-D3FB-40D2-B542-17F34402E278}"
EndProject
Global
	GlobalSection(SolutionConfigurationPlatforms) = preSolution
		Ad-Hoc|Any CPU = Ad-Hoc|Any CPU
		Ad-Hoc|iPhone = Ad-Hoc|iPhone
		Ad-Hoc|iPhoneSimulator = Ad-Hoc|iPhoneSimulator
		AppStore|Any CPU = AppStore|Any CPU
		AppStore|iPhone = AppStore|iPhone
		AppStore|iPhoneSimulator = AppStore|iPhoneSimulator
		Debug|Any CPU = Debug|Any CPU
		Debug|iPhone = Debug|iPhone
		Debug|iPhoneSimulator = Debug|iPhoneSimulator
		Release|Any CPU = Release|Any CPU
		Release|iPhone = Release|iPhone
		Release|iPhoneSimulator = Release|iPhoneSimulator
	EndGlobalSection
	GlobalSection(ProjectConfigurationPlatforms) = postSolution
		{E7D29F40-4BC8-4BD9-B78C-AF32CFA9159C}.Ad-Hoc|Any CPU.ActiveCfg = Debug|Any CPU
		{E7D29F40-4BC8-4BD9-B78C-AF32CFA9159C}.Ad-Hoc|Any CPU.Build.0 = Debug|Any CPU
		{E7D29F40-4BC8-4BD9-B78C-AF32CFA9159C}.Ad-Hoc|iPhone.ActiveCfg = Debug|Any CPU
		{E7D29F40-4BC8-4BD9-B78C-AF32CFA9159C}.Ad-Hoc|iPhone.Build.0 = Debug|Any CPU
		{E7D29F40-4BC8-4BD9-B78C-AF32CFA9159C}.Ad-Hoc|iPhoneSimulator.ActiveCfg = Debug|Any CPU
		{E7D29F40-4BC8-4BD9-B78C-AF32CFA9159C}.Ad-Hoc|iPhoneSimulator.Build.0 = Debug|Any CPU
		{E7D29F40-4BC8-4BD9-B78C-AF32CFA9159C}.AppStore|Any CPU.ActiveCfg = Debug|Any CPU
		{E7D29F40-4BC8-4BD9-B78C-AF32CFA9159C}.AppStore|Any CPU.Build.0 = Debug|Any CPU
		{E7D29F40-4BC8-4BD9-B78C-AF32CFA9159C}.AppStore|iPhone.ActiveCfg = Debug|Any CPU
		{E7D29F40-4BC8-4BD9-B78C-AF32CFA9159C}.AppStore|iPhone.Build.0 = Debug|Any CPU
		{E7D29F40-4BC8-4BD9-B78C-AF32CFA9159C}.AppStore|iPhoneSimulator.ActiveCfg = Debug|Any CPU
		{E7D29F40-4BC8-4BD9-B78C-AF32CFA9159C}.AppStore|iPhoneSimulator.Build.0 = Debug|Any CPU
		{E7D29F40-4BC8-4BD9-B78C-AF32CFA9159C}.Debug|Any CPU.ActiveCfg = Debug|Any CPU
		{E7D29F40-4BC8-4BD9-B78C-AF32CFA9159C}.Debug|Any CPU.Build.0 = Debug|Any CPU
		{E7D29F40-4BC8-4BD9-B78C-AF32CFA9159C}.Debug|iPhone.ActiveCfg = Debug|Any CPU
		{E7D29F40-4BC8-4BD9-B78C-AF32CFA9159C}.Debug|iPhone.Build.0 = Debug|Any CPU
		{E7D29F40-4BC8-4BD9-B78C-AF32CFA9159C}.Debug|iPhoneSimulator.ActiveCfg = Debug|Any CPU
		{E7D29F40-4BC8-4BD9-B78C-AF32CFA9159C}.Debug|iPhoneSimulator.Build.0 = Debug|Any CPU
		{E7D29F40-4BC8-4BD9-B78C-AF32CFA9159C}.Release|Any CPU.ActiveCfg = Release|Any CPU
		{E7D29F40-4BC8-4BD9-B78C-AF32CFA9159C}.Release|Any CPU.Build.0 = Release|Any CPU
		{E7D29F40-4BC8-4BD9-B78C-AF32CFA9159C}.Release|iPhone.ActiveCfg = Release|Any CPU
		{E7D29F40-4BC8-4BD9-B78C-AF32CFA9159C}.Release|iPhone.Build.0 = Release|Any CPU
		{E7D29F40-4BC8-4BD9-B78C-AF32CFA9159C}.Release|iPhoneSimulator.ActiveCfg = Release|Any CPU
		{E7D29F40-4BC8-4BD9-B78C-AF32CFA9159C}.Release|iPhoneSimulator.Build.0 = Release|Any CPU
		{73B36791-15EC-43A1-80A8-DBDBB31552F6}.Ad-Hoc|Any CPU.ActiveCfg = Release|Any CPU
		{73B36791-15EC-43A1-80A8-DBDBB31552F6}.Ad-Hoc|Any CPU.Build.0 = Release|Any CPU
		{73B36791-15EC-43A1-80A8-DBDBB31552F6}.Ad-Hoc|Any CPU.Deploy.0 = Release|Any CPU
		{73B36791-15EC-43A1-80A8-DBDBB31552F6}.Ad-Hoc|iPhone.ActiveCfg = Release|Any CPU
		{73B36791-15EC-43A1-80A8-DBDBB31552F6}.Ad-Hoc|iPhone.Build.0 = Release|Any CPU
		{73B36791-15EC-43A1-80A8-DBDBB31552F6}.Ad-Hoc|iPhone.Deploy.0 = Release|Any CPU
		{73B36791-15EC-43A1-80A8-DBDBB31552F6}.Ad-Hoc|iPhoneSimulator.ActiveCfg = Release|Any CPU
		{73B36791-15EC-43A1-80A8-DBDBB31552F6}.Ad-Hoc|iPhoneSimulator.Build.0 = Release|Any CPU
		{73B36791-15EC-43A1-80A8-DBDBB31552F6}.Ad-Hoc|iPhoneSimulator.Deploy.0 = Release|Any CPU
		{73B36791-15EC-43A1-80A8-DBDBB31552F6}.AppStore|Any CPU.ActiveCfg = Release|Any CPU
		{73B36791-15EC-43A1-80A8-DBDBB31552F6}.AppStore|Any CPU.Build.0 = Release|Any CPU
		{73B36791-15EC-43A1-80A8-DBDBB31552F6}.AppStore|Any CPU.Deploy.0 = Release|Any CPU
		{73B36791-15EC-43A1-80A8-DBDBB31552F6}.AppStore|iPhone.ActiveCfg = Release|Any CPU
		{73B36791-15EC-43A1-80A8-DBDBB31552F6}.AppStore|iPhone.Build.0 = Release|Any CPU
		{73B36791-15EC-43A1-80A8-DBDBB31552F6}.AppStore|iPhone.Deploy.0 = Release|Any CPU
		{73B36791-15EC-43A1-80A8-DBDBB31552F6}.AppStore|iPhoneSimulator.ActiveCfg = Release|Any CPU
		{73B36791-15EC-43A1-80A8-DBDBB31552F6}.AppStore|iPhoneSimulator.Build.0 = Release|Any CPU
		{73B36791-15EC-43A1-80A8-DBDBB31552F6}.AppStore|iPhoneSimulator.Deploy.0 = Release|Any CPU
		{73B36791-15EC-43A1-80A8-DBDBB31552F6}.Debug|Any CPU.ActiveCfg = Debug|Any CPU
		{73B36791-15EC-43A1-80A8-DBDBB31552F6}.Debug|Any CPU.Build.0 = Debug|Any CPU
		{73B36791-15EC-43A1-80A8-DBDBB31552F6}.Debug|Any CPU.Deploy.0 = Debug|Any CPU
		{73B36791-15EC-43A1-80A8-DBDBB31552F6}.Debug|iPhone.ActiveCfg = Debug|Any CPU
		{73B36791-15EC-43A1-80A8-DBDBB31552F6}.Debug|iPhone.Build.0 = Debug|Any CPU
		{73B36791-15EC-43A1-80A8-DBDBB31552F6}.Debug|iPhone.Deploy.0 = Debug|Any CPU
		{73B36791-15EC-43A1-80A8-DBDBB31552F6}.Debug|iPhoneSimulator.ActiveCfg = Debug|Any CPU
		{73B36791-15EC-43A1-80A8-DBDBB31552F6}.Debug|iPhoneSimulator.Build.0 = Debug|Any CPU
		{73B36791-15EC-43A1-80A8-DBDBB31552F6}.Debug|iPhoneSimulator.Deploy.0 = Debug|Any CPU
		{73B36791-15EC-43A1-80A8-DBDBB31552F6}.Release|Any CPU.ActiveCfg = Release|Any CPU
		{73B36791-15EC-43A1-80A8-DBDBB31552F6}.Release|Any CPU.Build.0 = Release|Any CPU
		{73B36791-15EC-43A1-80A8-DBDBB31552F6}.Release|Any CPU.Deploy.0 = Release|Any CPU
		{73B36791-15EC-43A1-80A8-DBDBB31552F6}.Release|iPhone.ActiveCfg = Release|Any CPU
		{73B36791-15EC-43A1-80A8-DBDBB31552F6}.Release|iPhone.Build.0 = Release|Any CPU
		{73B36791-15EC-43A1-80A8-DBDBB31552F6}.Release|iPhone.Deploy.0 = Release|Any CPU
		{73B36791-15EC-43A1-80A8-DBDBB31552F6}.Release|iPhoneSimulator.ActiveCfg = Release|Any CPU
		{73B36791-15EC-43A1-80A8-DBDBB31552F6}.Release|iPhoneSimulator.Build.0 = Release|Any CPU
		{73B36791-15EC-43A1-80A8-DBDBB31552F6}.Release|iPhoneSimulator.Deploy.0 = Release|Any CPU
		{B7B5CCF1-53F3-44DF-886B-42DAD25F3C99}.Ad-Hoc|Any CPU.ActiveCfg = Ad-Hoc|iPhone
		{B7B5CCF1-53F3-44DF-886B-42DAD25F3C99}.Ad-Hoc|iPhone.ActiveCfg = Ad-Hoc|iPhone
		{B7B5CCF1-53F3-44DF-886B-42DAD25F3C99}.Ad-Hoc|iPhone.Build.0 = Ad-Hoc|iPhone
		{B7B5CCF1-53F3-44DF-886B-42DAD25F3C99}.Ad-Hoc|iPhoneSimulator.ActiveCfg = Ad-Hoc|iPhoneSimulator
		{B7B5CCF1-53F3-44DF-886B-42DAD25F3C99}.Ad-Hoc|iPhoneSimulator.Build.0 = Ad-Hoc|iPhoneSimulator
		{B7B5CCF1-53F3-44DF-886B-42DAD25F3C99}.AppStore|Any CPU.ActiveCfg = AppStore|iPhone
		{B7B5CCF1-53F3-44DF-886B-42DAD25F3C99}.AppStore|iPhone.ActiveCfg = AppStore|iPhone
		{B7B5CCF1-53F3-44DF-886B-42DAD25F3C99}.AppStore|iPhone.Build.0 = AppStore|iPhone
		{B7B5CCF1-53F3-44DF-886B-42DAD25F3C99}.AppStore|iPhoneSimulator.ActiveCfg = AppStore|iPhoneSimulator
		{B7B5CCF1-53F3-44DF-886B-42DAD25F3C99}.AppStore|iPhoneSimulator.Build.0 = AppStore|iPhoneSimulator
		{B7B5CCF1-53F3-44DF-886B-42DAD25F3C99}.Debug|Any CPU.ActiveCfg = Debug|iPhone
		{B7B5CCF1-53F3-44DF-886B-42DAD25F3C99}.Debug|iPhone.ActiveCfg = Debug|iPhone
		{B7B5CCF1-53F3-44DF-886B-42DAD25F3C99}.Debug|iPhone.Build.0 = Debug|iPhone
		{B7B5CCF1-53F3-44DF-886B-42DAD25F3C99}.Debug|iPhoneSimulator.ActiveCfg = Debug|iPhoneSimulator
		{B7B5CCF1-53F3-44DF-886B-42DAD25F3C99}.Debug|iPhoneSimulator.Build.0 = Debug|iPhoneSimulator
		{B7B5CCF1-53F3-44DF-886B-42DAD25F3C99}.Release|Any CPU.ActiveCfg = Release|iPhone
		{B7B5CCF1-53F3-44DF-886B-42DAD25F3C99}.Release|iPhone.ActiveCfg = Release|iPhone
		{B7B5CCF1-53F3-44DF-886B-42DAD25F3C99}.Release|iPhone.Build.0 = Release|iPhone
		{B7B5CCF1-53F3-44DF-886B-42DAD25F3C99}.Release|iPhoneSimulator.ActiveCfg = Release|iPhoneSimulator
		{B7B5CCF1-53F3-44DF-886B-42DAD25F3C99}.Release|iPhoneSimulator.Build.0 = Release|iPhoneSimulator
		{5318E089-F350-418C-9A63-E27A3017D625}.Ad-Hoc|Any CPU.ActiveCfg = Release|Any CPU
		{5318E089-F350-418C-9A63-E27A3017D625}.Ad-Hoc|Any CPU.Build.0 = Release|Any CPU
		{5318E089-F350-418C-9A63-E27A3017D625}.Ad-Hoc|iPhone.ActiveCfg = Release|Any CPU
		{5318E089-F350-418C-9A63-E27A3017D625}.Ad-Hoc|iPhone.Build.0 = Release|Any CPU
		{5318E089-F350-418C-9A63-E27A3017D625}.Ad-Hoc|iPhoneSimulator.ActiveCfg = Release|Any CPU
		{5318E089-F350-418C-9A63-E27A3017D625}.Ad-Hoc|iPhoneSimulator.Build.0 = Release|Any CPU
		{5318E089-F350-418C-9A63-E27A3017D625}.AppStore|Any CPU.ActiveCfg = Release|Any CPU
		{5318E089-F350-418C-9A63-E27A3017D625}.AppStore|Any CPU.Build.0 = Release|Any CPU
		{5318E089-F350-418C-9A63-E27A3017D625}.AppStore|iPhone.ActiveCfg = Release|Any CPU
		{5318E089-F350-418C-9A63-E27A3017D625}.AppStore|iPhone.Build.0 = Release|Any CPU
		{5318E089-F350-418C-9A63-E27A3017D625}.AppStore|iPhoneSimulator.ActiveCfg = Release|Any CPU
		{5318E089-F350-418C-9A63-E27A3017D625}.AppStore|iPhoneSimulator.Build.0 = Release|Any CPU
		{5318E089-F350-418C-9A63-E27A3017D625}.Debug|Any CPU.ActiveCfg = Debug|Any CPU
		{5318E089-F350-418C-9A63-E27A3017D625}.Debug|Any CPU.Build.0 = Debug|Any CPU
		{5318E089-F350-418C-9A63-E27A3017D625}.Debug|iPhone.ActiveCfg = Debug|Any CPU
		{5318E089-F350-418C-9A63-E27A3017D625}.Debug|iPhone.Build.0 = Debug|Any CPU
		{5318E089-F350-418C-9A63-E27A3017D625}.Debug|iPhoneSimulator.ActiveCfg = Debug|Any CPU
		{5318E089-F350-418C-9A63-E27A3017D625}.Debug|iPhoneSimulator.Build.0 = Debug|Any CPU
		{5318E089-F350-418C-9A63-E27A3017D625}.Release|Any CPU.ActiveCfg = Release|Any CPU
		{5318E089-F350-418C-9A63-E27A3017D625}.Release|Any CPU.Build.0 = Release|Any CPU
		{5318E089-F350-418C-9A63-E27A3017D625}.Release|iPhone.ActiveCfg = Release|Any CPU
		{5318E089-F350-418C-9A63-E27A3017D625}.Release|iPhone.Build.0 = Release|Any CPU
		{5318E089-F350-418C-9A63-E27A3017D625}.Release|iPhoneSimulator.ActiveCfg = Release|Any CPU
		{5318E089-F350-418C-9A63-E27A3017D625}.Release|iPhoneSimulator.Build.0 = Release|Any CPU
		{281C7618-D4FD-4AC3-ACC2-96C10A2355D1}.Ad-Hoc|Any CPU.ActiveCfg = Release|Any CPU
		{281C7618-D4FD-4AC3-ACC2-96C10A2355D1}.Ad-Hoc|Any CPU.Build.0 = Release|Any CPU
		{281C7618-D4FD-4AC3-ACC2-96C10A2355D1}.Ad-Hoc|iPhone.ActiveCfg = Release|Any CPU
		{281C7618-D4FD-4AC3-ACC2-96C10A2355D1}.Ad-Hoc|iPhone.Build.0 = Release|Any CPU
		{281C7618-D4FD-4AC3-ACC2-96C10A2355D1}.Ad-Hoc|iPhoneSimulator.ActiveCfg = Release|Any CPU
		{281C7618-D4FD-4AC3-ACC2-96C10A2355D1}.Ad-Hoc|iPhoneSimulator.Build.0 = Release|Any CPU
		{281C7618-D4FD-4AC3-ACC2-96C10A2355D1}.AppStore|Any CPU.ActiveCfg = Release|Any CPU
		{281C7618-D4FD-4AC3-ACC2-96C10A2355D1}.AppStore|Any CPU.Build.0 = Release|Any CPU
		{281C7618-D4FD-4AC3-ACC2-96C10A2355D1}.AppStore|iPhone.ActiveCfg = Release|Any CPU
		{281C7618-D4FD-4AC3-ACC2-96C10A2355D1}.AppStore|iPhone.Build.0 = Release|Any CPU
		{281C7618-D4FD-4AC3-ACC2-96C10A2355D1}.AppStore|iPhoneSimulator.ActiveCfg = Release|Any CPU
		{281C7618-D4FD-4AC3-ACC2-96C10A2355D1}.AppStore|iPhoneSimulator.Build.0 = Release|Any CPU
		{281C7618-D4FD-4AC3-ACC2-96C10A2355D1}.Debug|Any CPU.ActiveCfg = Debug|Any CPU
		{281C7618-D4FD-4AC3-ACC2-96C10A2355D1}.Debug|Any CPU.Build.0 = Debug|Any CPU
		{281C7618-D4FD-4AC3-ACC2-96C10A2355D1}.Debug|iPhone.ActiveCfg = Debug|Any CPU
		{281C7618-D4FD-4AC3-ACC2-96C10A2355D1}.Debug|iPhone.Build.0 = Debug|Any CPU
		{281C7618-D4FD-4AC3-ACC2-96C10A2355D1}.Debug|iPhoneSimulator.ActiveCfg = Debug|Any CPU
		{281C7618-D4FD-4AC3-ACC2-96C10A2355D1}.Debug|iPhoneSimulator.Build.0 = Debug|Any CPU
		{281C7618-D4FD-4AC3-ACC2-96C10A2355D1}.Release|Any CPU.ActiveCfg = Release|Any CPU
		{281C7618-D4FD-4AC3-ACC2-96C10A2355D1}.Release|Any CPU.Build.0 = Release|Any CPU
		{281C7618-D4FD-4AC3-ACC2-96C10A2355D1}.Release|iPhone.ActiveCfg = Release|Any CPU
		{281C7618-D4FD-4AC3-ACC2-96C10A2355D1}.Release|iPhone.Build.0 = Release|Any CPU
		{281C7618-D4FD-4AC3-ACC2-96C10A2355D1}.Release|iPhoneSimulator.ActiveCfg = Release|Any CPU
		{281C7618-D4FD-4AC3-ACC2-96C10A2355D1}.Release|iPhoneSimulator.Build.0 = Release|Any CPU
		{09B94428-D3FB-40D2-B542-17F34402E278}.Ad-Hoc|Any CPU.ActiveCfg = Release|Any CPU
		{09B94428-D3FB-40D2-B542-17F34402E278}.Ad-Hoc|Any CPU.Build.0 = Release|Any CPU
		{09B94428-D3FB-40D2-B542-17F34402E278}.Ad-Hoc|Any CPU.Deploy.0 = Release|Any CPU
		{09B94428-D3FB-40D2-B542-17F34402E278}.Ad-Hoc|iPhone.ActiveCfg = Release|Any CPU
		{09B94428-D3FB-40D2-B542-17F34402E278}.Ad-Hoc|iPhone.Build.0 = Release|Any CPU
		{09B94428-D3FB-40D2-B542-17F34402E278}.Ad-Hoc|iPhone.Deploy.0 = Release|Any CPU
		{09B94428-D3FB-40D2-B542-17F34402E278}.Ad-Hoc|iPhoneSimulator.ActiveCfg = Release|Any CPU
		{09B94428-D3FB-40D2-B542-17F34402E278}.Ad-Hoc|iPhoneSimulator.Build.0 = Release|Any CPU
		{09B94428-D3FB-40D2-B542-17F34402E278}.Ad-Hoc|iPhoneSimulator.Deploy.0 = Release|Any CPU
		{09B94428-D3FB-40D2-B542-17F34402E278}.AppStore|Any CPU.ActiveCfg = Release|Any CPU
		{09B94428-D3FB-40D2-B542-17F34402E278}.AppStore|Any CPU.Build.0 = Release|Any CPU
		{09B94428-D3FB-40D2-B542-17F34402E278}.AppStore|Any CPU.Deploy.0 = Release|Any CPU
		{09B94428-D3FB-40D2-B542-17F34402E278}.AppStore|iPhone.ActiveCfg = Release|Any CPU
		{09B94428-D3FB-40D2-B542-17F34402E278}.AppStore|iPhone.Build.0 = Release|Any CPU
		{09B94428-D3FB-40D2-B542-17F34402E278}.AppStore|iPhone.Deploy.0 = Release|Any CPU
		{09B94428-D3FB-40D2-B542-17F34402E278}.AppStore|iPhoneSimulator.ActiveCfg = Release|Any CPU
		{09B94428-D3FB-40D2-B542-17F34402E278}.AppStore|iPhoneSimulator.Build.0 = Release|Any CPU
		{09B94428-D3FB-40D2-B542-17F34402E278}.AppStore|iPhoneSimulator.Deploy.0 = Release|Any CPU
		{09B94428-D3FB-40D2-B542-17F34402E278}.Debug|Any CPU.ActiveCfg = Debug|Any CPU
		{09B94428-D3FB-40D2-B542-17F34402E278}.Debug|Any CPU.Build.0 = Debug|Any CPU
		{09B94428-D3FB-40D2-B542-17F34402E278}.Debug|Any CPU.Deploy.0 = Debug|Any CPU
		{09B94428-D3FB-40D2-B542-17F34402E278}.Debug|iPhone.ActiveCfg = Debug|Any CPU
		{09B94428-D3FB-40D2-B542-17F34402E278}.Debug|iPhone.Build.0 = Debug|Any CPU
		{09B94428-D3FB-40D2-B542-17F34402E278}.Debug|iPhone.Deploy.0 = Debug|Any CPU
		{09B94428-D3FB-40D2-B542-17F34402E278}.Debug|iPhoneSimulator.ActiveCfg = Debug|Any CPU
		{09B94428-D3FB-40D2-B542-17F34402E278}.Debug|iPhoneSimulator.Build.0 = Debug|Any CPU
		{09B94428-D3FB-40D2-B542-17F34402E278}.Debug|iPhoneSimulator.Deploy.0 = Debug|Any CPU
		{09B94428-D3FB-40D2-B542-17F34402E278}.Release|Any CPU.ActiveCfg = Release|Any CPU
		{09B94428-D3FB-40D2-B542-17F34402E278}.Release|Any CPU.Build.0 = Release|Any CPU
		{09B94428-D3FB-40D2-B542-17F34402E278}.Release|Any CPU.Deploy.0 = Release|Any CPU
		{09B94428-D3FB-40D2-B542-17F34402E278}.Release|iPhone.ActiveCfg = Release|Any CPU
		{09B94428-D3FB-40D2-B542-17F34402E278}.Release|iPhone.Build.0 = Release|Any CPU
		{09B94428-D3FB-40D2-B542-17F34402E278}.Release|iPhone.Deploy.0 = Release|Any CPU
		{09B94428-D3FB-40D2-B542-17F34402E278}.Release|iPhoneSimulator.ActiveCfg = Release|Any CPU
		{09B94428-D3FB-40D2-B542-17F34402E278}.Release|iPhoneSimulator.Build.0 = Release|Any CPU
		{09B94428-D3FB-40D2-B542-17F34402E278}.Release|iPhoneSimulator.Deploy.0 = Release|Any CPU
	EndGlobalSection
	GlobalSection(SolutionProperties) = preSolution
		HideSolutionNode = FALSE
	EndGlobalSection
	GlobalSection(ExtensibilityGlobals) = postSolution
		SolutionGuid = {7960D752-9E29-4830-A7EE-A2293E489729}
	EndGlobalSection
EndGlobal
